
Microsoft Visual Studio Solution File, Format Version 12.00
# Visual Studio 15
VisualStudioVersion = 15.0.28307.168
MinimumVisualStudioVersion = 10.0.40219.1
Project("{FAE04EC0-301F-11D3-BF4B-00C04F79EFBC}") = "CollapseComments", "src\CollapseComments\CollapseComments.csproj", "{C0F06D0D-B2C2-4A33-A91E-718D2C4E2850}"
EndProject
Project("{2150E333-8FDC-42A3-9474-1A3956D46DE8}") = "Solution Items", "Solution Items", "{7D69DD90-8895-4619-8599-A67BF0BC31D2}"
	ProjectSection(SolutionItems) = preProject
		appveyor.yml = appveyor.yml
		CHANGELOG.md = CHANGELOG.md
		README.md = README.md
	EndProjectSection
EndProject
Global
	GlobalSection(SolutionConfigurationPlatforms) = preSolution
		Debug|Any CPU = Debug|Any CPU
		Release|Any CPU = Release|Any CPU
	EndGlobalSection
	GlobalSection(ProjectConfigurationPlatforms) = postSolution
		{C0F06D0D-B2C2-4A33-A91E-718D2C4E2850}.Debug|Any CPU.ActiveCfg = Debug|Any CPU
		{C0F06D0D-B2C2-4A33-A91E-718D2C4E2850}.Debug|Any CPU.Build.0 = Debug|Any CPU
		{C0F06D0D-B2C2-4A33-A91E-718D2C4E2850}.Release|Any CPU.ActiveCfg = Release|Any CPU
		{C0F06D0D-B2C2-4A33-A91E-718D2C4E2850}.Release|Any CPU.Build.0 = Release|Any CPU
	EndGlobalSection
	GlobalSection(SolutionProperties) = preSolution
		HideSolutionNode = FALSE
	EndGlobalSection
	GlobalSection(ExtensibilityGlobals) = postSolution
		SolutionGuid = {ECF3F567-418A-44A4-913E-76C89C35B4BC}
	EndGlobalSection
EndGlobal
